// !$*UTF8*$!
{
	archiveVersion = 1;
	classes = {
	};
	objectVersion = 56;
	objects = {

/* Begin PBXBuildFile section */
		DCDE56682C89833400A00D30 /* AppDelegate.swift in Sources */ = {isa = PBXBuildFile; fileRef = DCDE56672C89833400A00D30 /* AppDelegate.swift */; };
		DCDE566A2C89833400A00D30 /* SceneDelegate.swift in Sources */ = {isa = PBXBuildFile; fileRef = DCDE56692C89833400A00D30 /* SceneDelegate.swift */; };
		DCDE566C2C89833400A00D30 /* ViewController.swift in Sources */ = {isa = PBXBuildFile; fileRef = DCDE566B2C89833400A00D30 /* ViewController.swift */; };
		DCDE56712C89833500A00D30 /* Assets.xcassets in Resources */ = {isa = PBXBuildFile; fileRef = DCDE56702C89833500A00D30 /* Assets.xcassets */; };
		DCDE56742C89833500A00D30 /* Base in Resources */ = {isa = PBXBuildFile; fileRef = DCDE56732C89833500A00D30 /* Base */; };
		DCDE567D2C898A7E00A00D30 /* SnapKit in Frameworks */ = {isa = PBXBuildFile; productRef = DCDE567C2C898A7E00A00D30 /* SnapKit */; };
		DCDE567F2C898C5300A00D30 /* CollectionViewCell.swift in Sources */ = {isa = PBXBuildFile; fileRef = DCDE567E2C898C5300A00D30 /* CollectionViewCell.swift */; };
		DCDE56822C89DB3000A00D30 /* Configurable.swift in Sources */ = {isa = PBXBuildFile; fileRef = DCDE56812C89DB3000A00D30 /* Configurable.swift */; };
		DCDE56872C8B045C00A00D30 /* StopwatchViewController.swift in Sources */ = {isa = PBXBuildFile; fileRef = DCDE56862C8B045C00A00D30 /* StopwatchViewController.swift */; };
		DCDE56892C8B724800A00D30 /* BMICalculatorViewController.swift in Sources */ = {isa = PBXBuildFile; fileRef = DCDE56882C8B724800A00D30 /* BMICalculatorViewController.swift */; };
		DCDE568B2C8B733D00A00D30 /* BMI.swift in Sources */ = {isa = PBXBuildFile; fileRef = DCDE568A2C8B733D00A00D30 /* BMI.swift */; };
		DCDE568D2C8B738100A00D30 /* ResultViewController.swift in Sources */ = {isa = PBXBuildFile; fileRef = DCDE568C2C8B738100A00D30 /* ResultViewController.swift */; };
		DCDE56902C8C7EA700A00D30 /* Stopwatch.swift in Sources */ = {isa = PBXBuildFile; fileRef = DCDE568F2C8C7EA700A00D30 /* Stopwatch.swift */; };
/* End PBXBuildFile section */

/* Begin PBXFileReference section */
		DCDE56642C89833400A00D30 /* Multiple Apps.app */ = {isa = PBXFileReference; explicitFileType = wrapper.application; includeInIndex = 0; path = "Multiple Apps.app"; sourceTree = BUILT_PRODUCTS_DIR; };
		DCDE56672C89833400A00D30 /* AppDelegate.swift */ = {isa = PBXFileReference; lastKnownFileType = sourcecode.swift; path = AppDelegate.swift; sourceTree = "<group>"; };
		DCDE56692C89833400A00D30 /* SceneDelegate.swift */ = {isa = PBXFileReference; lastKnownFileType = sourcecode.swift; path = SceneDelegate.swift; sourceTree = "<group>"; };
		DCDE566B2C89833400A00D30 /* ViewController.swift */ = {isa = PBXFileReference; lastKnownFileType = sourcecode.swift; path = ViewController.swift; sourceTree = "<group>"; };
		DCDE56702C89833500A00D30 /* Assets.xcassets */ = {isa = PBXFileReference; lastKnownFileType = folder.assetcatalog; path = Assets.xcassets; sourceTree = "<group>"; };
		DCDE56732C89833500A00D30 /* Base */ = {isa = PBXFileReference; lastKnownFileType = file.storyboard; name = Base; path = Base.lproj/LaunchScreen.storyboard; sourceTree = "<group>"; };
		DCDE56752C89833500A00D30 /* Info.plist */ = {isa = PBXFileReference; lastKnownFileType = text.plist.xml; path = Info.plist; sourceTree = "<group>"; };
		DCDE567E2C898C5300A00D30 /* CollectionViewCell.swift */ = {isa = PBXFileReference; lastKnownFileType = sourcecode.swift; path = CollectionViewCell.swift; sourceTree = "<group>"; };
		DCDE56812C89DB3000A00D30 /* Configurable.swift */ = {isa = PBXFileReference; lastKnownFileType = sourcecode.swift; path = Configurable.swift; sourceTree = "<group>"; };
		DCDE56862C8B045C00A00D30 /* StopwatchViewController.swift */ = {isa = PBXFileReference; lastKnownFileType = sourcecode.swift; path = StopwatchViewController.swift; sourceTree = "<group>"; };
		DCDE56882C8B724800A00D30 /* BMICalculatorViewController.swift */ = {isa = PBXFileReference; lastKnownFileType = sourcecode.swift; path = BMICalculatorViewController.swift; sourceTree = "<group>"; };
		DCDE568A2C8B733D00A00D30 /* BMI.swift */ = {isa = PBXFileReference; lastKnownFileType = sourcecode.swift; path = BMI.swift; sourceTree = "<group>"; };
		DCDE568C2C8B738100A00D30 /* ResultViewController.swift */ = {isa = PBXFileReference; lastKnownFileType = sourcecode.swift; path = ResultViewController.swift; sourceTree = "<group>"; };
		DCDE568F2C8C7EA700A00D30 /* Stopwatch.swift */ = {isa = PBXFileReference; lastKnownFileType = sourcecode.swift; path = Stopwatch.swift; sourceTree = "<group>"; };
/* End PBXFileReference section */

/* Begin PBXFrameworksBuildPhase section */
		DCDE56612C89833400A00D30 /* Frameworks */ = {
			isa = PBXFrameworksBuildPhase;
			buildActionMask = 2147483647;
			files = (
				DCDE567D2C898A7E00A00D30 /* SnapKit in Frameworks */,
			);
			runOnlyForDeploymentPostprocessing = 0;
		};
/* End PBXFrameworksBuildPhase section */

/* Begin PBXGroup section */
		DCDE565B2C89833400A00D30 = {
			isa = PBXGroup;
			children = (
				DCDE56662C89833400A00D30 /* Multiple Apps */,
				DCDE56652C89833400A00D30 /* Products */,
			);
			sourceTree = "<group>";
		};
		DCDE56652C89833400A00D30 /* Products */ = {
			isa = PBXGroup;
			children = (
				DCDE56642C89833400A00D30 /* Multiple Apps.app */,
			);
			name = Products;
			sourceTree = "<group>";
		};
		DCDE56662C89833400A00D30 /* Multiple Apps */ = {
			isa = PBXGroup;
			children = (
				DCDE56802C89DB1900A00D30 /* Protocols */,
				DCDE56852C8AEF3700A00D30 /* Cells */,
				DCDE56932C8E2B9200A00D30 /* Controllers */,
				DCDE568E2C8C51DA00A00D30 /* BMI app */,
				DCDE56912C8E2A3700A00D30 /* Stopwatch */,
				DCDE56842C8AEF1700A00D30 /* Supporting */,
			);
			path = "Multiple Apps";
			sourceTree = "<group>";
		};
		DCDE56802C89DB1900A00D30 /* Protocols */ = {
			isa = PBXGroup;
			children = (
				DCDE56812C89DB3000A00D30 /* Configurable.swift */,
			);
			path = Protocols;
			sourceTree = "<group>";
		};
		DCDE56842C8AEF1700A00D30 /* Supporting */ = {
			isa = PBXGroup;
			children = (
				DCDE56752C89833500A00D30 /* Info.plist */,
				DCDE56672C89833400A00D30 /* AppDelegate.swift */,
				DCDE56692C89833400A00D30 /* SceneDelegate.swift */,
				DCDE56702C89833500A00D30 /* Assets.xcassets */,
				DCDE56722C89833500A00D30 /* LaunchScreen.storyboard */,
			);
			path = Supporting;
			sourceTree = "<group>";
		};
		DCDE56852C8AEF3700A00D30 /* Cells */ = {
			isa = PBXGroup;
			children = (
				DCDE567E2C898C5300A00D30 /* CollectionViewCell.swift */,
			);
			path = Cells;
			sourceTree = "<group>";
		};
		DCDE568E2C8C51DA00A00D30 /* BMI app */ = {
			isa = PBXGroup;
			children = (
				DCDE56882C8B724800A00D30 /* BMICalculatorViewController.swift */,
				DCDE568C2C8B738100A00D30 /* ResultViewController.swift */,
				DCDE568A2C8B733D00A00D30 /* BMI.swift */,
			);
			path = "BMI app";
			sourceTree = "<group>";
		};
		DCDE56912C8E2A3700A00D30 /* Stopwatch */ = {
			isa = PBXGroup;
			children = (
				DCDE56862C8B045C00A00D30 /* StopwatchViewController.swift */,
				DCDE568F2C8C7EA700A00D30 /* Stopwatch.swift */,
			);
			path = Stopwatch;
			sourceTree = "<group>";
		};
		DCDE56932C8E2B9200A00D30 /* Controllers */ = {
			isa = PBXGroup;
			children = (
				DCDE566B2C89833400A00D30 /* ViewController.swift */,
			);
			path = Controllers;
			sourceTree = "<group>";
		};
/* End PBXGroup section */

/* Begin PBXNativeTarget section */
		DCDE56632C89833400A00D30 /* Multiple Apps */ = {
			isa = PBXNativeTarget;
			buildConfigurationList = DCDE56782C89833500A00D30 /* Build configuration list for PBXNativeTarget "Multiple Apps" */;
			buildPhases = (
				DCDE56602C89833400A00D30 /* Sources */,
				DCDE56612C89833400A00D30 /* Frameworks */,
				DCDE56622C89833400A00D30 /* Resources */,
			);
			buildRules = (
			);
			dependencies = (
			);
			name = "Multiple Apps";
			packageProductDependencies = (
				DCDE567C2C898A7E00A00D30 /* SnapKit */,
			);
			productName = "Multiple Apps";
			productReference = DCDE56642C89833400A00D30 /* Multiple Apps.app */;
			productType = "com.apple.product-type.application";
		};
/* End PBXNativeTarget section */

/* Begin PBXProject section */
		DCDE565C2C89833400A00D30 /* Project object */ = {
			isa = PBXProject;
			attributes = {
				BuildIndependentTargetsInParallel = 1;
				LastSwiftUpdateCheck = 1540;
				LastUpgradeCheck = 1540;
				TargetAttributes = {
					DCDE56632C89833400A00D30 = {
						CreatedOnToolsVersion = 15.4;
					};
				};
			};
			buildConfigurationList = DCDE565F2C89833400A00D30 /* Build configuration list for PBXProject "Multiple Apps" */;
			compatibilityVersion = "Xcode 14.0";
			developmentRegion = en;
			hasScannedForEncodings = 0;
			knownRegions = (
				en,
				Base,
			);
			mainGroup = DCDE565B2C89833400A00D30;
			packageReferences = (
				DCDE567B2C898A7E00A00D30 /* XCRemoteSwiftPackageReference "SnapKit" */,
			);
			productRefGroup = DCDE56652C89833400A00D30 /* Products */;
			projectDirPath = "";
			projectRoot = "";
			targets = (
				DCDE56632C89833400A00D30 /* Multiple Apps */,
			);
		};
/* End PBXProject section */

/* Begin PBXResourcesBuildPhase section */
		DCDE56622C89833400A00D30 /* Resources */ = {
			isa = PBXResourcesBuildPhase;
			buildActionMask = 2147483647;
			files = (
				DCDE56712C89833500A00D30 /* Assets.xcassets in Resources */,
				DCDE56742C89833500A00D30 /* Base in Resources */,
			);
			runOnlyForDeploymentPostprocessing = 0;
		};
/* End PBXResourcesBuildPhase section */

/* Begin PBXSourcesBuildPhase section */
		DCDE56602C89833400A00D30 /* Sources */ = {
			isa = PBXSourcesBuildPhase;
			buildActionMask = 2147483647;
			files = (
				DCDE568B2C8B733D00A00D30 /* BMI.swift in Sources */,
				DCDE56872C8B045C00A00D30 /* StopwatchViewController.swift in Sources */,
				DCDE56892C8B724800A00D30 /* BMICalculatorViewController.swift in Sources */,
				DCDE56822C89DB3000A00D30 /* Configurable.swift in Sources */,
				DCDE566C2C89833400A00D30 /* ViewController.swift in Sources */,
				DCDE56682C89833400A00D30 /* AppDelegate.swift in Sources */,
				DCDE567F2C898C5300A00D30 /* CollectionViewCell.swift in Sources */,
				DCDE56902C8C7EA700A00D30 /* Stopwatch.swift in Sources */,
				DCDE566A2C89833400A00D30 /* SceneDelegate.swift in Sources */,
				DCDE568D2C8B738100A00D30 /* ResultViewController.swift in Sources */,
			);
			runOnlyForDeploymentPostprocessing = 0;
		};
/* End PBXSourcesBuildPhase section */

/* Begin PBXVariantGroup section */
		DCDE56722C89833500A00D30 /* LaunchScreen.storyboard */ = {
			isa = PBXVariantGroup;
			children = (
				DCDE56732C89833500A00D30 /* Base */,
			);
			name = LaunchScreen.storyboard;
			sourceTree = "<group>";
		};
/* End PBXVariantGroup section */

/* Begin XCBuildConfiguration section */
		DCDE56762C89833500A00D30 /* Debug */ = {
			isa = XCBuildConfiguration;
			buildSettings = {
				ALWAYS_SEARCH_USER_PATHS = NO;
				ASSETCATALOG_COMPILER_GENERATE_SWIFT_ASSET_SYMBOL_EXTENSIONS = YES;
				CLANG_ANALYZER_NONNULL = YES;
				CLANG_ANALYZER_NUMBER_OBJECT_CONVERSION = YES_AGGRESSIVE;
				CLANG_CXX_LANGUAGE_STANDARD = "gnu++20";
				CLANG_ENABLE_MODULES = YES;
				CLANG_ENABLE_OBJC_ARC = YES;
				CLANG_ENABLE_OBJC_WEAK = YES;
				CLANG_WARN_BLOCK_CAPTURE_AUTORELEASING = YES;
				CLANG_WARN_BOOL_CONVERSION = YES;
				CLANG_WARN_COMMA = YES;
				CLANG_WARN_CONSTANT_CONVERSION = YES;
				CLANG_WARN_DEPRECATED_OBJC_IMPLEMENTATIONS = YES;
				CLANG_WARN_DIRECT_OBJC_ISA_USAGE = YES_ERROR;
				CLANG_WARN_DOCUMENTATION_COMMENTS = YES;
				CLANG_WARN_EMPTY_BODY = YES;
				CLANG_WARN_ENUM_CONVERSION = YES;
				CLANG_WARN_INFINITE_RECURSION = YES;
				CLANG_WARN_INT_CONVERSION = YES;
				CLANG_WARN_NON_LITERAL_NULL_CONVERSION = YES;
				CLANG_WARN_OBJC_IMPLICIT_RETAIN_SELF = YES;
				CLANG_WARN_OBJC_LITERAL_CONVERSION = YES;
				CLANG_WARN_OBJC_ROOT_CLASS = YES_ERROR;
				CLANG_WARN_QUOTED_INCLUDE_IN_FRAMEWORK_HEADER = YES;
				CLANG_WARN_RANGE_LOOP_ANALYSIS = YES;
				CLANG_WARN_STRICT_PROTOTYPES = YES;
				CLANG_WARN_SUSPICIOUS_MOVE = YES;
				CLANG_WARN_UNGUARDED_AVAILABILITY = YES_AGGRESSIVE;
				CLANG_WARN_UNREACHABLE_CODE = YES;
				CLANG_WARN__DUPLICATE_METHOD_MATCH = YES;
				COPY_PHASE_STRIP = NO;
				DEBUG_INFORMATION_FORMAT = dwarf;
				ENABLE_STRICT_OBJC_MSGSEND = YES;
				ENABLE_TESTABILITY = YES;
				ENABLE_USER_SCRIPT_SANDBOXING = YES;
				GCC_C_LANGUAGE_STANDARD = gnu17;
				GCC_DYNAMIC_NO_PIC = NO;
				GCC_NO_COMMON_BLOCKS = YES;
				GCC_OPTIMIZATION_LEVEL = 0;
				GCC_PREPROCESSOR_DEFINITIONS = (
					"DEBUG=1",
					"$(inherited)",
				);
				GCC_WARN_64_TO_32_BIT_CONVERSION = YES;
				GCC_WARN_ABOUT_RETURN_TYPE = YES_ERROR;
				GCC_WARN_UNDECLARED_SELECTOR = YES;
				GCC_WARN_UNINITIALIZED_AUTOS = YES_AGGRESSIVE;
				GCC_WARN_UNUSED_FUNCTION = YES;
				GCC_WARN_UNUSED_VARIABLE = YES;
				IPHONEOS_DEPLOYMENT_TARGET = 17.5;
				LOCALIZATION_PREFERS_STRING_CATALOGS = YES;
				MTL_ENABLE_DEBUG_INFO = INCLUDE_SOURCE;
				MTL_FAST_MATH = YES;
				ONLY_ACTIVE_ARCH = YES;
				SDKROOT = iphoneos;
				SWIFT_ACTIVE_COMPILATION_CONDITIONS = "DEBUG $(inherited)";
				SWIFT_OPTIMIZATION_LEVEL = "-Onone";
			};
			name = Debug;
		};
		DCDE56772C89833500A00D30 /* Release */ = {
			isa = XCBuildConfiguration;
			buildSettings = {
				ALWAYS_SEARCH_USER_PATHS = NO;
				ASSETCATALOG_COMPILER_GENERATE_SWIFT_ASSET_SYMBOL_EXTENSIONS = YES;
				CLANG_ANALYZER_NONNULL = YES;
				CLANG_ANALYZER_NUMBER_OBJECT_CONVERSION = YES_AGGRESSIVE;
				CLANG_CXX_LANGUAGE_STANDARD = "gnu++20";
				CLANG_ENABLE_MODULES = YES;
				CLANG_ENABLE_OBJC_ARC = YES;
				CLANG_ENABLE_OBJC_WEAK = YES;
				CLANG_WARN_BLOCK_CAPTURE_AUTORELEASING = YES;
				CLANG_WARN_BOOL_CONVERSION = YES;
				CLANG_WARN_COMMA = YES;
				CLANG_WARN_CONSTANT_CONVERSION = YES;
				CLANG_WARN_DEPRECATED_OBJC_IMPLEMENTATIONS = YES;
				CLANG_WARN_DIRECT_OBJC_ISA_USAGE = YES_ERROR;
				CLANG_WARN_DOCUMENTATION_COMMENTS = YES;
				CLANG_WARN_EMPTY_BODY = YES;
				CLANG_WARN_ENUM_CONVERSION = YES;
				CLANG_WARN_INFINITE_RECURSION = YES;
				CLANG_WARN_INT_CONVERSION = YES;
				CLANG_WARN_NON_LITERAL_NULL_CONVERSION = YES;
				CLANG_WARN_OBJC_IMPLICIT_RETAIN_SELF = YES;
				CLANG_WARN_OBJC_LITERAL_CONVERSION = YES;
				CLANG_WARN_OBJC_ROOT_CLASS = YES_ERROR;
				CLANG_WARN_QUOTED_INCLUDE_IN_FRAMEWORK_HEADER = YES;
				CLANG_WARN_RANGE_LOOP_ANALYSIS = YES;
				CLANG_WARN_STRICT_PROTOTYPES = YES;
				CLANG_WARN_SUSPICIOUS_MOVE = YES;
				CLANG_WARN_UNGUARDED_AVAILABILITY = YES_AGGRESSIVE;
				CLANG_WARN_UNREACHABLE_CODE = YES;
				CLANG_WARN__DUPLICATE_METHOD_MATCH = YES;
				COPY_PHASE_STRIP = NO;
				DEBUG_INFORMATION_FORMAT = "dwarf-with-dsym";
				ENABLE_NS_ASSERTIONS = NO;
				ENABLE_STRICT_OBJC_MSGSEND = YES;
				ENABLE_USER_SCRIPT_SANDBOXING = YES;
				GCC_C_LANGUAGE_STANDARD = gnu17;
				GCC_NO_COMMON_BLOCKS = YES;
				GCC_WARN_64_TO_32_BIT_CONVERSION = YES;
				GCC_WARN_ABOUT_RETURN_TYPE = YES_ERROR;
				GCC_WARN_UNDECLARED_SELECTOR = YES;
				GCC_WARN_UNINITIALIZED_AUTOS = YES_AGGRESSIVE;
				GCC_WARN_UNUSED_FUNCTION = YES;
				GCC_WARN_UNUSED_VARIABLE = YES;
				IPHONEOS_DEPLOYMENT_TARGET = 17.5;
				LOCALIZATION_PREFERS_STRING_CATALOGS = YES;
				MTL_ENABLE_DEBUG_INFO = NO;
				MTL_FAST_MATH = YES;
				SDKROOT = iphoneos;
				SWIFT_COMPILATION_MODE = wholemodule;
				VALIDATE_PRODUCT = YES;
			};
			name = Release;
		};
		DCDE56792C89833500A00D30 /* Debug */ = {
			isa = XCBuildConfiguration;
			buildSettings = {
				ASSETCATALOG_COMPILER_APPICON_NAME = AppIcon;
				ASSETCATALOG_COMPILER_GLOBAL_ACCENT_COLOR_NAME = AccentColor;
				CODE_SIGN_STYLE = Automatic;
				CURRENT_PROJECT_VERSION = 1;
				GENERATE_INFOPLIST_FILE = YES;
				INFOPLIST_FILE = "Multiple Apps/Supporting/Info.plist";
				INFOPLIST_KEY_UIApplicationSupportsIndirectInputEvents = YES;
				INFOPLIST_KEY_UILaunchStoryboardName = LaunchScreen;
				INFOPLIST_KEY_UISupportedInterfaceOrientations_iPad = "UIInterfaceOrientationPortrait UIInterfaceOrientationPortraitUpsideDown UIInterfaceOrientationLandscapeLeft UIInterfaceOrientationLandscapeRight";
				INFOPLIST_KEY_UISupportedInterfaceOrientations_iPhone = "UIInterfaceOrientationPortrait UIInterfaceOrientationLandscapeLeft UIInterfaceOrientationLandscapeRight";
				LD_RUNPATH_SEARCH_PATHS = (
					"$(inherited)",
					"@executable_path/Frameworks",
				);
				MARKETING_VERSION = 1.0;
				PRODUCT_BUNDLE_IDENTIFIER = "com.nurgali.nuraly.Multiple-Apps";
				PRODUCT_NAME = "$(TARGET_NAME)";
				SWIFT_EMIT_LOC_STRINGS = YES;
				SWIFT_VERSION = 5.0;
				TARGETED_DEVICE_FAMILY = "1,2";
			};
			name = Debug;
		};
		DCDE567A2C89833500A00D30 /* Release */ = {
			isa = XCBuildConfiguration;
			buildSettings = {
				ASSETCATALOG_COMPILER_APPICON_NAME = AppIcon;
				ASSETCATALOG_COMPILER_GLOBAL_ACCENT_COLOR_NAME = AccentColor;
				CODE_SIGN_STYLE = Automatic;
				CURRENT_PROJECT_VERSION = 1;
				GENERATE_INFOPLIST_FILE = YES;
				INFOPLIST_FILE = "Multiple Apps/Supporting/Info.plist";
				INFOPLIST_KEY_UIApplicationSupportsIndirectInputEvents = YES;
				INFOPLIST_KEY_UILaunchStoryboardName = LaunchScreen;
				INFOPLIST_KEY_UISupportedInterfaceOrientations_iPad = "UIInterfaceOrientationPortrait UIInterfaceOrientationPortraitUpsideDown UIInterfaceOrientationLandscapeLeft UIInterfaceOrientationLandscapeRight";
				INFOPLIST_KEY_UISupportedInterfaceOrientations_iPhone = "UIInterfaceOrientationPortrait UIInterfaceOrientationLandscapeLeft UIInterfaceOrientationLandscapeRight";
				LD_RUNPATH_SEARCH_PATHS = (
					"$(inherited)",
					"@executable_path/Frameworks",
				);
				MARKETING_VERSION = 1.0;
				PRODUCT_BUNDLE_IDENTIFIER = "com.nurgali.nuraly.Multiple-Apps";
				PRODUCT_NAME = "$(TARGET_NAME)";
				SWIFT_EMIT_LOC_STRINGS = YES;
				SWIFT_VERSION = 5.0;
				TARGETED_DEVICE_FAMILY = "1,2";
			};
			name = Release;
		};
/* End XCBuildConfiguration section */

/* Begin XCConfigurationList section */
		DCDE565F2C89833400A00D30 /* Build configuration list for PBXProject "Multiple Apps" */ = {
			isa = XCConfigurationList;
			buildConfigurations = (
				DCDE56762C89833500A00D30 /* Debug */,
				DCDE56772C89833500A00D30 /* Release */,
			);
			defaultConfigurationIsVisible = 0;
			defaultConfigurationName = Release;
		};
		DCDE56782C89833500A00D30 /* Build configuration list for PBXNativeTarget "Multiple Apps" */ = {
			isa = XCConfigurationList;
			buildConfigurations = (
				DCDE56792C89833500A00D30 /* Debug */,
				DCDE567A2C89833500A00D30 /* Release */,
			);
			defaultConfigurationIsVisible = 0;
			defaultConfigurationName = Release;
		};
/* End XCConfigurationList section */

/* Begin XCRemoteSwiftPackageReference section */
		DCDE567B2C898A7E00A00D30 /* XCRemoteSwiftPackageReference "SnapKit" */ = {
			isa = XCRemoteSwiftPackageReference;
			repositoryURL = "https://github.com/SnapKit/SnapKit.git";
			requirement = {
				kind = upToNextMajorVersion;
				minimumVersion = 5.7.1;
			};
		};
/* End XCRemoteSwiftPackageReference section */

/* Begin XCSwiftPackageProductDependency section */
		DCDE567C2C898A7E00A00D30 /* SnapKit */ = {
			isa = XCSwiftPackageProductDependency;
			package = DCDE567B2C898A7E00A00D30 /* XCRemoteSwiftPackageReference "SnapKit" */;
			productName = SnapKit;
		};
/* End XCSwiftPackageProductDependency section */
	};
	rootObject = DCDE565C2C89833400A00D30 /* Project object */;
}
